
Microsoft Visual Studio Solution File, Format Version 12.00
# Visual Studio Version 16
VisualStudioVersion = 16.0.31624.102
MinimumVisualStudioVersion = 10.0.40219.1
Project("{9A19103F-16F7-4668-BE54-9A1E7A4F7556}") = "TinyService.WebApi", "TinyService.WebApi.csproj", "{A9A33C08-AE9C-4DED-85C2-100F339D882D}"
EndProject
Project("{9A19103F-16F7-4668-BE54-9A1E7A4F7556}") = "TinyService.Common", "..\TinyService.Common\TinyService.Common.csproj", "{08AEB04E-E0CA-4CD8-A658-CE60B543BB99}"
EndProject
Project("{FAE04EC0-301F-11D3-BF4B-00C04F79EFBC}") = "TinyService.ConsoleNetCore", "..\TinyService.ConsoleNetCore\TinyService.ConsoleNetCore.csproj", "{85EB5493-90BA-471C-AC25-313EA61A64EC}"
EndProject
Global
	GlobalSection(SolutionConfigurationPlatforms) = preSolution
		Debug|Any CPU = Debug|Any CPU
		Release|Any CPU = Release|Any CPU
	EndGlobalSection
	GlobalSection(ProjectConfigurationPlatforms) = postSolution
		{A9A33C08-AE9C-4DED-85C2-100F339D882D}.Debug|Any CPU.ActiveCfg = Debug|Any CPU
		{A9A33C08-AE9C-4DED-85C2-100F339D882D}.Debug|Any CPU.Build.0 = Debug|Any CPU
		{A9A33C08-AE9C-4DED-85C2-100F339D882D}.Release|Any CPU.ActiveCfg = Release|Any CPU
		{A9A33C08-AE9C-4DED-85C2-100F339D882D}.Release|Any CPU.Build.0 = Release|Any CPU
		{08AEB04E-E0CA-4CD8-A658-CE60B543BB99}.Debug|Any CPU.ActiveCfg = Debug|Any CPU
		{08AEB04E-E0CA-4CD8-A658-CE60B543BB99}.Debug|Any CPU.Build.0 = Debug|Any CPU
		{08AEB04E-E0CA-4CD8-A658-CE60B543BB99}.Release|Any CPU.ActiveCfg = Release|Any CPU
		{08AEB04E-E0CA-4CD8-A658-CE60B543BB99}.Release|Any CPU.Build.0 = Release|Any CPU
		{85EB5493-90BA-471C-AC25-313EA61A64EC}.Debug|Any CPU.ActiveCfg = Debug|Any CPU
		{85EB5493-90BA-471C-AC25-313EA61A64EC}.Debug|Any CPU.Build.0 = Debug|Any CPU
		{85EB5493-90BA-471C-AC25-313EA61A64EC}.Release|Any CPU.ActiveCfg = Release|Any CPU
		{85EB5493-90BA-471C-AC25-313EA61A64EC}.Release|Any CPU.Build.0 = Release|Any CPU
	EndGlobalSection
	GlobalSection(SolutionProperties) = preSolution
		HideSolutionNode = FALSE
	EndGlobalSection
	GlobalSection(ExtensibilityGlobals) = postSolution
		SolutionGuid = {F81A17C2-EFE4-48FB-BD11-0E3F2D4C6317}
	EndGlobalSection
EndGlobal
